// !$*UTF8*$!
{
	archiveVersion = 1;
	classes = {
	};
	objectVersion = 54;
	objects = {

/* Begin PBXBuildFile section */
		00E356F31AD99517003FC87E /* FintechTests.m in Sources */ = {isa = PBXBuildFile; fileRef = 00E356F21AD99517003FC87E /* FintechTests.m */; };
		0C80B921A6F3F58F76C31292 /* libPods-Fintech.a in Frameworks */ = {isa = PBXBuildFile; fileRef = 5DCACB8F33CDC322A6C60F78 /* libPods-Fintech.a */; };
		13B07FBC1A68108700A75B9A /* AppDelegate.mm in Sources */ = {isa = PBXBuildFile; fileRef = 13B07FB01A68108700A75B9A /* AppDelegate.mm */; };
		13B07FBF1A68108700A75B9A /* Images.xcassets in Resources */ = {isa = PBXBuildFile; fileRef = 13B07FB51A68108700A75B9A /* Images.xcassets */; };
		13B07FC11A68108700A75B9A /* main.m in Sources */ = {isa = PBXBuildFile; fileRef = 13B07FB71A68108700A75B9A /* main.m */; };
		7699B88040F8A987B510C191 /* libPods-Fintech-FintechTests.a in Frameworks */ = {isa = PBXBuildFile; fileRef = 19F6CBCC0A4E27FBF8BF4A61 /* libPods-Fintech-FintechTests.a */; };
		81AB9BB82411601600AC10FF /* LaunchScreen.storyboard in Resources */ = {isa = PBXBuildFile; fileRef = 81AB9BB72411601600AC10FF /* LaunchScreen.storyboard */; };
		3041CE9FA6784A9D8D4AE0CF /* Montserrat-Black.otf in Resources */ = {isa = PBXBuildFile; fileRef = E1484578902D492E9211A00F /* Montserrat-Black.otf */; };
		0F083BB19C5A44D685AD8248 /* Montserrat-BlackItalic.otf in Resources */ = {isa = PBXBuildFile; fileRef = 2547EED1661745D5A4D1DE81 /* Montserrat-BlackItalic.otf */; };
		791CAE5D72FD49A59691775A /* Montserrat-Bold.otf in Resources */ = {isa = PBXBuildFile; fileRef = E73F97F96EB44C97A7799CC1 /* Montserrat-Bold.otf */; };
		A4CA789945F74746A63BD839 /* Montserrat-BoldItalic.otf in Resources */ = {isa = PBXBuildFile; fileRef = B91BE9E599FC430CB80645F8 /* Montserrat-BoldItalic.otf */; };
		0DCF67CA65EA49C89ADBCCC6 /* Montserrat-ExtraBold.otf in Resources */ = {isa = PBXBuildFile; fileRef = 5581A8A8EF4D43DAB595E378 /* Montserrat-ExtraBold.otf */; };
		F9FE5181BC744EEE92BAD057 /* Montserrat-ExtraBoldItalic.otf in Resources */ = {isa = PBXBuildFile; fileRef = 4128BB9459564A5EA12B16EA /* Montserrat-ExtraBoldItalic.otf */; };
		19C4BFEC0E324FF38C0A85AA /* Montserrat-ExtraLight.otf in Resources */ = {isa = PBXBuildFile; fileRef = E59CE22EDCE14B10A0F9CB3E /* Montserrat-ExtraLight.otf */; };
		820D69737E7B4D8C94A2A5A9 /* Montserrat-ExtraLightItalic.otf in Resources */ = {isa = PBXBuildFile; fileRef = 2A62F8909E1A45608350D868 /* Montserrat-ExtraLightItalic.otf */; };
		F90B36773B784A1D9D848F8B /* Montserrat-Italic.otf in Resources */ = {isa = PBXBuildFile; fileRef = 2998C4AB03184BA295CDF887 /* Montserrat-Italic.otf */; };
		5994A5626D864CC0982DE56C /* Montserrat-Light.otf in Resources */ = {isa = PBXBuildFile; fileRef = 63AE1852EE954C1E91FBE3FF /* Montserrat-Light.otf */; };
		76D1AD88165B4DC8AAA2F896 /* Montserrat-LightItalic.otf in Resources */ = {isa = PBXBuildFile; fileRef = 01904C2C30424A35BDD25A2A /* Montserrat-LightItalic.otf */; };
		693A3D6164FF4BE99215096A /* Montserrat-Medium.otf in Resources */ = {isa = PBXBuildFile; fileRef = 3FBBA7E42BFF487EBF6DB074 /* Montserrat-Medium.otf */; };
		89B5406C735C407B9D5DA36B /* Montserrat-MediumItalic.otf in Resources */ = {isa = PBXBuildFile; fileRef = D1F446442882426E8644C769 /* Montserrat-MediumItalic.otf */; };
		F43E889B1FBD46CCB1E8ABA1 /* Montserrat-Regular.otf in Resources */ = {isa = PBXBuildFile; fileRef = EBB8DDF7557A4B5E9313F0B6 /* Montserrat-Regular.otf */; };
		DD4FF9FFEF5D4753A24182FA /* Montserrat-SemiBold.otf in Resources */ = {isa = PBXBuildFile; fileRef = 68909D1098B547D38845A3C1 /* Montserrat-SemiBold.otf */; };
		1E3F1FE0C101418D943537D1 /* Montserrat-SemiBoldItalic.otf in Resources */ = {isa = PBXBuildFile; fileRef = FC38E2B2ED8D4B8D85B0B276 /* Montserrat-SemiBoldItalic.otf */; };
		2C40653AEB3D4FD0AA0D71E5 /* Montserrat-Thin.otf in Resources */ = {isa = PBXBuildFile; fileRef = 1681E5B0D20B4FE0A3AB2C3C /* Montserrat-Thin.otf */; };
		8F6EF99626A94440A2B264E0 /* Montserrat-ThinItalic.otf in Resources */ = {isa = PBXBuildFile; fileRef = 7B3765861F71450D98337DDB /* Montserrat-ThinItalic.otf */; };
		D1BEC14CBB3547D7B002CBF5 /* MontserratAlternates-Black.otf in Resources */ = {isa = PBXBuildFile; fileRef = 68FA353355434EC8943B62C8 /* MontserratAlternates-Black.otf */; };
		08C5371D1576497AA10D6A00 /* MontserratAlternates-BlackItalic.otf in Resources */ = {isa = PBXBuildFile; fileRef = ED66A36BA62A43FEA85E431D /* MontserratAlternates-BlackItalic.otf */; };
		559D47E8407E4D3DB0DEC37E /* MontserratAlternates-Bold.otf in Resources */ = {isa = PBXBuildFile; fileRef = D286350BF3C541839DDC0132 /* MontserratAlternates-Bold.otf */; };
		CD35D3D8092F48CDA42F3D92 /* MontserratAlternates-BoldItalic.otf in Resources */ = {isa = PBXBuildFile; fileRef = 8290E27E91DA406EB6A70450 /* MontserratAlternates-BoldItalic.otf */; };
		40811BDA91D343318955F89D /* MontserratAlternates-ExtraBold.otf in Resources */ = {isa = PBXBuildFile; fileRef = 0FFB435DB7904C3EA466E81E /* MontserratAlternates-ExtraBold.otf */; };
		1B0AB4E996B04C5E8744E54A /* MontserratAlternates-ExtraBoldItalic.otf in Resources */ = {isa = PBXBuildFile; fileRef = 7AE358287E434E8CA7F7B851 /* MontserratAlternates-ExtraBoldItalic.otf */; };
		CAF28D9F6E614128AEEE138F /* MontserratAlternates-ExtraLight.otf in Resources */ = {isa = PBXBuildFile; fileRef = 8D26F87202A140F39E35428F /* MontserratAlternates-ExtraLight.otf */; };
		60AF5C3E1E2249F389B9AF7D /* MontserratAlternates-ExtraLightItalic.otf in Resources */ = {isa = PBXBuildFile; fileRef = 2BC45ED9668A446C96ABB8DD /* MontserratAlternates-ExtraLightItalic.otf */; };
		37A20EA5BC97486D93AA416C /* MontserratAlternates-Italic.otf in Resources */ = {isa = PBXBuildFile; fileRef = 7A5583F3E0B047D19937EC1A /* MontserratAlternates-Italic.otf */; };
		82341A72DBB5454982D1CCBF /* MontserratAlternates-Light.otf in Resources */ = {isa = PBXBuildFile; fileRef = B95188617EE34AF2AE36B826 /* MontserratAlternates-Light.otf */; };
		DA9EE23B848245439795BD33 /* MontserratAlternates-LightItalic.otf in Resources */ = {isa = PBXBuildFile; fileRef = 6E918A52241548D48054BEDC /* MontserratAlternates-LightItalic.otf */; };
		8178D539874F44CCAB5CD51A /* MontserratAlternates-Medium.otf in Resources */ = {isa = PBXBuildFile; fileRef = B1003F88204C4F659AF61807 /* MontserratAlternates-Medium.otf */; };
		8044D7D595E7439AB100F0BC /* MontserratAlternates-MediumItalic.otf in Resources */ = {isa = PBXBuildFile; fileRef = EC414385EFDF431A8582D626 /* MontserratAlternates-MediumItalic.otf */; };
		DF975E3002C54CDDA7FA2760 /* MontserratAlternates-Regular.otf in Resources */ = {isa = PBXBuildFile; fileRef = 7C3E839EA5274318BB006153 /* MontserratAlternates-Regular.otf */; };
		406A1AAC21CC49D4AC2F127A /* MontserratAlternates-SemiBold.otf in Resources */ = {isa = PBXBuildFile; fileRef = A228D9CCFDDF42D79EED91D9 /* MontserratAlternates-SemiBold.otf */; };
		AB7DC8376B9B4E15B33DE8B4 /* MontserratAlternates-SemiBoldItalic.otf in Resources */ = {isa = PBXBuildFile; fileRef = ED5F5ADBBD2B4936AD611FD5 /* MontserratAlternates-SemiBoldItalic.otf */; };
		E458754AA3814BA69BB383FC /* MontserratAlternates-Thin.otf in Resources */ = {isa = PBXBuildFile; fileRef = 9FDD0ED952BF45D3AB4C1BDC /* MontserratAlternates-Thin.otf */; };
		3C9E9F5C8BEB4D05B720C3E5 /* MontserratAlternates-ThinItalic.otf in Resources */ = {isa = PBXBuildFile; fileRef = CB5152336B1A42D6B82008C2 /* MontserratAlternates-ThinItalic.otf */; };
/* End PBXBuildFile section */

/* Begin PBXContainerItemProxy section */
		00E356F41AD99517003FC87E /* PBXContainerItemProxy */ = {
			isa = PBXContainerItemProxy;
			containerPortal = 83CBB9F71A601CBA00E9B192 /* Project object */;
			proxyType = 1;
			remoteGlobalIDString = 13B07F861A680F5B00A75B9A;
			remoteInfo = Fintech;
		};
/* End PBXContainerItemProxy section */

/* Begin PBXFileReference section */
		00E356EE1AD99517003FC87E /* FintechTests.xctest */ = {isa = PBXFileReference; explicitFileType = wrapper.cfbundle; includeInIndex = 0; path = FintechTests.xctest; sourceTree = BUILT_PRODUCTS_DIR; };
		00E356F11AD99517003FC87E /* Info.plist */ = {isa = PBXFileReference; lastKnownFileType = text.plist.xml; path = Info.plist; sourceTree = "<group>"; };
		00E356F21AD99517003FC87E /* FintechTests.m */ = {isa = PBXFileReference; lastKnownFileType = sourcecode.c.objc; path = FintechTests.m; sourceTree = "<group>"; };
		13B07F961A680F5B00A75B9A /* Fintech.app */ = {isa = PBXFileReference; explicitFileType = wrapper.application; includeInIndex = 0; path = Fintech.app; sourceTree = BUILT_PRODUCTS_DIR; };
		13B07FAF1A68108700A75B9A /* AppDelegate.h */ = {isa = PBXFileReference; fileEncoding = 4; lastKnownFileType = sourcecode.c.h; name = AppDelegate.h; path = Fintech/AppDelegate.h; sourceTree = "<group>"; };
		13B07FB01A68108700A75B9A /* AppDelegate.mm */ = {isa = PBXFileReference; fileEncoding = 4; lastKnownFileType = sourcecode.cpp.objcpp; name = AppDelegate.mm; path = Fintech/AppDelegate.mm; sourceTree = "<group>"; };
		13B07FB51A68108700A75B9A /* Images.xcassets */ = {isa = PBXFileReference; lastKnownFileType = folder.assetcatalog; name = Images.xcassets; path = Fintech/Images.xcassets; sourceTree = "<group>"; };
		13B07FB61A68108700A75B9A /* Info.plist */ = {isa = PBXFileReference; fileEncoding = 4; lastKnownFileType = text.plist.xml; name = Info.plist; path = Fintech/Info.plist; sourceTree = "<group>"; };
		13B07FB71A68108700A75B9A /* main.m */ = {isa = PBXFileReference; fileEncoding = 4; lastKnownFileType = sourcecode.c.objc; name = main.m; path = Fintech/main.m; sourceTree = "<group>"; };
		19F6CBCC0A4E27FBF8BF4A61 /* libPods-Fintech-FintechTests.a */ = {isa = PBXFileReference; explicitFileType = archive.ar; includeInIndex = 0; path = "libPods-Fintech-FintechTests.a"; sourceTree = BUILT_PRODUCTS_DIR; };
		3B4392A12AC88292D35C810B /* Pods-Fintech.debug.xcconfig */ = {isa = PBXFileReference; includeInIndex = 1; lastKnownFileType = text.xcconfig; name = "Pods-Fintech.debug.xcconfig"; path = "Target Support Files/Pods-Fintech/Pods-Fintech.debug.xcconfig"; sourceTree = "<group>"; };
		5709B34CF0A7D63546082F79 /* Pods-Fintech.release.xcconfig */ = {isa = PBXFileReference; includeInIndex = 1; lastKnownFileType = text.xcconfig; name = "Pods-Fintech.release.xcconfig"; path = "Target Support Files/Pods-Fintech/Pods-Fintech.release.xcconfig"; sourceTree = "<group>"; };
		5B7EB9410499542E8C5724F5 /* Pods-Fintech-FintechTests.debug.xcconfig */ = {isa = PBXFileReference; includeInIndex = 1; lastKnownFileType = text.xcconfig; name = "Pods-Fintech-FintechTests.debug.xcconfig"; path = "Target Support Files/Pods-Fintech-FintechTests/Pods-Fintech-FintechTests.debug.xcconfig"; sourceTree = "<group>"; };
		5DCACB8F33CDC322A6C60F78 /* libPods-Fintech.a */ = {isa = PBXFileReference; explicitFileType = archive.ar; includeInIndex = 0; path = "libPods-Fintech.a"; sourceTree = BUILT_PRODUCTS_DIR; };
		81AB9BB72411601600AC10FF /* LaunchScreen.storyboard */ = {isa = PBXFileReference; fileEncoding = 4; lastKnownFileType = file.storyboard; name = LaunchScreen.storyboard; path = Fintech/LaunchScreen.storyboard; sourceTree = "<group>"; };
		89C6BE57DB24E9ADA2F236DE /* Pods-Fintech-FintechTests.release.xcconfig */ = {isa = PBXFileReference; includeInIndex = 1; lastKnownFileType = text.xcconfig; name = "Pods-Fintech-FintechTests.release.xcconfig"; path = "Target Support Files/Pods-Fintech-FintechTests/Pods-Fintech-FintechTests.release.xcconfig"; sourceTree = "<group>"; };
		ED297162215061F000B7C4FE /* JavaScriptCore.framework */ = {isa = PBXFileReference; lastKnownFileType = wrapper.framework; name = JavaScriptCore.framework; path = System/Library/Frameworks/JavaScriptCore.framework; sourceTree = SDKROOT; };
		E1484578902D492E9211A00F /* Montserrat-Black.otf */ = {isa = PBXFileReference; name = "Montserrat-Black.otf"; path = "../src/assets/fonts/Montserrat-Black.otf"; sourceTree = "<group>"; fileEncoding = undefined; lastKnownFileType = unknown; explicitFileType = undefined; includeInIndex = 0; };
		2547EED1661745D5A4D1DE81 /* Montserrat-BlackItalic.otf */ = {isa = PBXFileReference; name = "Montserrat-BlackItalic.otf"; path = "../src/assets/fonts/Montserrat-BlackItalic.otf"; sourceTree = "<group>"; fileEncoding = undefined; lastKnownFileType = unknown; explicitFileType = undefined; includeInIndex = 0; };
		E73F97F96EB44C97A7799CC1 /* Montserrat-Bold.otf */ = {isa = PBXFileReference; name = "Montserrat-Bold.otf"; path = "../src/assets/fonts/Montserrat-Bold.otf"; sourceTree = "<group>"; fileEncoding = undefined; lastKnownFileType = unknown; explicitFileType = undefined; includeInIndex = 0; };
		B91BE9E599FC430CB80645F8 /* Montserrat-BoldItalic.otf */ = {isa = PBXFileReference; name = "Montserrat-BoldItalic.otf"; path = "../src/assets/fonts/Montserrat-BoldItalic.otf"; sourceTree = "<group>"; fileEncoding = undefined; lastKnownFileType = unknown; explicitFileType = undefined; includeInIndex = 0; };
		5581A8A8EF4D43DAB595E378 /* Montserrat-ExtraBold.otf */ = {isa = PBXFileReference; name = "Montserrat-ExtraBold.otf"; path = "../src/assets/fonts/Montserrat-ExtraBold.otf"; sourceTree = "<group>"; fileEncoding = undefined; lastKnownFileType = unknown; explicitFileType = undefined; includeInIndex = 0; };
		4128BB9459564A5EA12B16EA /* Montserrat-ExtraBoldItalic.otf */ = {isa = PBXFileReference; name = "Montserrat-ExtraBoldItalic.otf"; path = "../src/assets/fonts/Montserrat-ExtraBoldItalic.otf"; sourceTree = "<group>"; fileEncoding = undefined; lastKnownFileType = unknown; explicitFileType = undefined; includeInIndex = 0; };
		E59CE22EDCE14B10A0F9CB3E /* Montserrat-ExtraLight.otf */ = {isa = PBXFileReference; name = "Montserrat-ExtraLight.otf"; path = "../src/assets/fonts/Montserrat-ExtraLight.otf"; sourceTree = "<group>"; fileEncoding = undefined; lastKnownFileType = unknown; explicitFileType = undefined; includeInIndex = 0; };
		2A62F8909E1A45608350D868 /* Montserrat-ExtraLightItalic.otf */ = {isa = PBXFileReference; name = "Montserrat-ExtraLightItalic.otf"; path = "../src/assets/fonts/Montserrat-ExtraLightItalic.otf"; sourceTree = "<group>"; fileEncoding = undefined; lastKnownFileType = unknown; explicitFileType = undefined; includeInIndex = 0; };
		2998C4AB03184BA295CDF887 /* Montserrat-Italic.otf */ = {isa = PBXFileReference; name = "Montserrat-Italic.otf"; path = "../src/assets/fonts/Montserrat-Italic.otf"; sourceTree = "<group>"; fileEncoding = undefined; lastKnownFileType = unknown; explicitFileType = undefined; includeInIndex = 0; };
		63AE1852EE954C1E91FBE3FF /* Montserrat-Light.otf */ = {isa = PBXFileReference; name = "Montserrat-Light.otf"; path = "../src/assets/fonts/Montserrat-Light.otf"; sourceTree = "<group>"; fileEncoding = undefined; lastKnownFileType = unknown; explicitFileType = undefined; includeInIndex = 0; };
		01904C2C30424A35BDD25A2A /* Montserrat-LightItalic.otf */ = {isa = PBXFileReference; name = "Montserrat-LightItalic.otf"; path = "../src/assets/fonts/Montserrat-LightItalic.otf"; sourceTree = "<group>"; fileEncoding = undefined; lastKnownFileType = unknown; explicitFileType = undefined; includeInIndex = 0; };
		3FBBA7E42BFF487EBF6DB074 /* Montserrat-Medium.otf */ = {isa = PBXFileReference; name = "Montserrat-Medium.otf"; path = "../src/assets/fonts/Montserrat-Medium.otf"; sourceTree = "<group>"; fileEncoding = undefined; lastKnownFileType = unknown; explicitFileType = undefined; includeInIndex = 0; };
		D1F446442882426E8644C769 /* Montserrat-MediumItalic.otf */ = {isa = PBXFileReference; name = "Montserrat-MediumItalic.otf"; path = "../src/assets/fonts/Montserrat-MediumItalic.otf"; sourceTree = "<group>"; fileEncoding = undefined; lastKnownFileType = unknown; explicitFileType = undefined; includeInIndex = 0; };
		EBB8DDF7557A4B5E9313F0B6 /* Montserrat-Regular.otf */ = {isa = PBXFileReference; name = "Montserrat-Regular.otf"; path = "../src/assets/fonts/Montserrat-Regular.otf"; sourceTree = "<group>"; fileEncoding = undefined; lastKnownFileType = unknown; explicitFileType = undefined; includeInIndex = 0; };
		68909D1098B547D38845A3C1 /* Montserrat-SemiBold.otf */ = {isa = PBXFileReference; name = "Montserrat-SemiBold.otf"; path = "../src/assets/fonts/Montserrat-SemiBold.otf"; sourceTree = "<group>"; fileEncoding = undefined; lastKnownFileType = unknown; explicitFileType = undefined; includeInIndex = 0; };
		FC38E2B2ED8D4B8D85B0B276 /* Montserrat-SemiBoldItalic.otf */ = {isa = PBXFileReference; name = "Montserrat-SemiBoldItalic.otf"; path = "../src/assets/fonts/Montserrat-SemiBoldItalic.otf"; sourceTree = "<group>"; fileEncoding = undefined; lastKnownFileType = unknown; explicitFileType = undefined; includeInIndex = 0; };
		1681E5B0D20B4FE0A3AB2C3C /* Montserrat-Thin.otf */ = {isa = PBXFileReference; name = "Montserrat-Thin.otf"; path = "../src/assets/fonts/Montserrat-Thin.otf"; sourceTree = "<group>"; fileEncoding = undefined; lastKnownFileType = unknown; explicitFileType = undefined; includeInIndex = 0; };
		7B3765861F71450D98337DDB /* Montserrat-ThinItalic.otf */ = {isa = PBXFileReference; name = "Montserrat-ThinItalic.otf"; path = "../src/assets/fonts/Montserrat-ThinItalic.otf"; sourceTree = "<group>"; fileEncoding = undefined; lastKnownFileType = unknown; explicitFileType = undefined; includeInIndex = 0; };
		68FA353355434EC8943B62C8 /* MontserratAlternates-Black.otf */ = {isa = PBXFileReference; name = "MontserratAlternates-Black.otf"; path = "../src/assets/fonts/MontserratAlternates-Black.otf"; sourceTree = "<group>"; fileEncoding = undefined; lastKnownFileType = unknown; explicitFileType = undefined; includeInIndex = 0; };
		ED66A36BA62A43FEA85E431D /* MontserratAlternates-BlackItalic.otf */ = {isa = PBXFileReference; name = "MontserratAlternates-BlackItalic.otf"; path = "../src/assets/fonts/MontserratAlternates-BlackItalic.otf"; sourceTree = "<group>"; fileEncoding = undefined; lastKnownFileType = unknown; explicitFileType = undefined; includeInIndex = 0; };
		D286350BF3C541839DDC0132 /* MontserratAlternates-Bold.otf */ = {isa = PBXFileReference; name = "MontserratAlternates-Bold.otf"; path = "../src/assets/fonts/MontserratAlternates-Bold.otf"; sourceTree = "<group>"; fileEncoding = undefined; lastKnownFileType = unknown; explicitFileType = undefined; includeInIndex = 0; };
		8290E27E91DA406EB6A70450 /* MontserratAlternates-BoldItalic.otf */ = {isa = PBXFileReference; name = "MontserratAlternates-BoldItalic.otf"; path = "../src/assets/fonts/MontserratAlternates-BoldItalic.otf"; sourceTree = "<group>"; fileEncoding = undefined; lastKnownFileType = unknown; explicitFileType = undefined; includeInIndex = 0; };
		0FFB435DB7904C3EA466E81E /* MontserratAlternates-ExtraBold.otf */ = {isa = PBXFileReference; name = "MontserratAlternates-ExtraBold.otf"; path = "../src/assets/fonts/MontserratAlternates-ExtraBold.otf"; sourceTree = "<group>"; fileEncoding = undefined; lastKnownFileType = unknown; explicitFileType = undefined; includeInIndex = 0; };
		7AE358287E434E8CA7F7B851 /* MontserratAlternates-ExtraBoldItalic.otf */ = {isa = PBXFileReference; name = "MontserratAlternates-ExtraBoldItalic.otf"; path = "../src/assets/fonts/MontserratAlternates-ExtraBoldItalic.otf"; sourceTree = "<group>"; fileEncoding = undefined; lastKnownFileType = unknown; explicitFileType = undefined; includeInIndex = 0; };
		8D26F87202A140F39E35428F /* MontserratAlternates-ExtraLight.otf */ = {isa = PBXFileReference; name = "MontserratAlternates-ExtraLight.otf"; path = "../src/assets/fonts/MontserratAlternates-ExtraLight.otf"; sourceTree = "<group>"; fileEncoding = undefined; lastKnownFileType = unknown; explicitFileType = undefined; includeInIndex = 0; };
		2BC45ED9668A446C96ABB8DD /* MontserratAlternates-ExtraLightItalic.otf */ = {isa = PBXFileReference; name = "MontserratAlternates-ExtraLightItalic.otf"; path = "../src/assets/fonts/MontserratAlternates-ExtraLightItalic.otf"; sourceTree = "<group>"; fileEncoding = undefined; lastKnownFileType = unknown; explicitFileType = undefined; includeInIndex = 0; };
		7A5583F3E0B047D19937EC1A /* MontserratAlternates-Italic.otf */ = {isa = PBXFileReference; name = "MontserratAlternates-Italic.otf"; path = "../src/assets/fonts/MontserratAlternates-Italic.otf"; sourceTree = "<group>"; fileEncoding = undefined; lastKnownFileType = unknown; explicitFileType = undefined; includeInIndex = 0; };
		B95188617EE34AF2AE36B826 /* MontserratAlternates-Light.otf */ = {isa = PBXFileReference; name = "MontserratAlternates-Light.otf"; path = "../src/assets/fonts/MontserratAlternates-Light.otf"; sourceTree = "<group>"; fileEncoding = undefined; lastKnownFileType = unknown; explicitFileType = undefined; includeInIndex = 0; };
		6E918A52241548D48054BEDC /* MontserratAlternates-LightItalic.otf */ = {isa = PBXFileReference; name = "MontserratAlternates-LightItalic.otf"; path = "../src/assets/fonts/MontserratAlternates-LightItalic.otf"; sourceTree = "<group>"; fileEncoding = undefined; lastKnownFileType = unknown; explicitFileType = undefined; includeInIndex = 0; };
		B1003F88204C4F659AF61807 /* MontserratAlternates-Medium.otf */ = {isa = PBXFileReference; name = "MontserratAlternates-Medium.otf"; path = "../src/assets/fonts/MontserratAlternates-Medium.otf"; sourceTree = "<group>"; fileEncoding = undefined; lastKnownFileType = unknown; explicitFileType = undefined; includeInIndex = 0; };
		EC414385EFDF431A8582D626 /* MontserratAlternates-MediumItalic.otf */ = {isa = PBXFileReference; name = "MontserratAlternates-MediumItalic.otf"; path = "../src/assets/fonts/MontserratAlternates-MediumItalic.otf"; sourceTree = "<group>"; fileEncoding = undefined; lastKnownFileType = unknown; explicitFileType = undefined; includeInIndex = 0; };
		7C3E839EA5274318BB006153 /* MontserratAlternates-Regular.otf */ = {isa = PBXFileReference; name = "MontserratAlternates-Regular.otf"; path = "../src/assets/fonts/MontserratAlternates-Regular.otf"; sourceTree = "<group>"; fileEncoding = undefined; lastKnownFileType = unknown; explicitFileType = undefined; includeInIndex = 0; };
		A228D9CCFDDF42D79EED91D9 /* MontserratAlternates-SemiBold.otf */ = {isa = PBXFileReference; name = "MontserratAlternates-SemiBold.otf"; path = "../src/assets/fonts/MontserratAlternates-SemiBold.otf"; sourceTree = "<group>"; fileEncoding = undefined; lastKnownFileType = unknown; explicitFileType = undefined; includeInIndex = 0; };
		ED5F5ADBBD2B4936AD611FD5 /* MontserratAlternates-SemiBoldItalic.otf */ = {isa = PBXFileReference; name = "MontserratAlternates-SemiBoldItalic.otf"; path = "../src/assets/fonts/MontserratAlternates-SemiBoldItalic.otf"; sourceTree = "<group>"; fileEncoding = undefined; lastKnownFileType = unknown; explicitFileType = undefined; includeInIndex = 0; };
		9FDD0ED952BF45D3AB4C1BDC /* MontserratAlternates-Thin.otf */ = {isa = PBXFileReference; name = "MontserratAlternates-Thin.otf"; path = "../src/assets/fonts/MontserratAlternates-Thin.otf"; sourceTree = "<group>"; fileEncoding = undefined; lastKnownFileType = unknown; explicitFileType = undefined; includeInIndex = 0; };
		CB5152336B1A42D6B82008C2 /* MontserratAlternates-ThinItalic.otf */ = {isa = PBXFileReference; name = "MontserratAlternates-ThinItalic.otf"; path = "../src/assets/fonts/MontserratAlternates-ThinItalic.otf"; sourceTree = "<group>"; fileEncoding = undefined; lastKnownFileType = unknown; explicitFileType = undefined; includeInIndex = 0; };
/* End PBXFileReference section */

/* Begin PBXFrameworksBuildPhase section */
		00E356EB1AD99517003FC87E /* Frameworks */ = {
			isa = PBXFrameworksBuildPhase;
			buildActionMask = 2147483647;
			files = (
				7699B88040F8A987B510C191 /* libPods-Fintech-FintechTests.a in Frameworks */,
			);
			runOnlyForDeploymentPostprocessing = 0;
		};
		13B07F8C1A680F5B00A75B9A /* Frameworks */ = {
			isa = PBXFrameworksBuildPhase;
			buildActionMask = 2147483647;
			files = (
				0C80B921A6F3F58F76C31292 /* libPods-Fintech.a in Frameworks */,
			);
			runOnlyForDeploymentPostprocessing = 0;
		};
/* End PBXFrameworksBuildPhase section */

/* Begin PBXGroup section */
		00E356EF1AD99517003FC87E /* FintechTests */ = {
			isa = PBXGroup;
			children = (
				00E356F21AD99517003FC87E /* FintechTests.m */,
				00E356F01AD99517003FC87E /* Supporting Files */,
			);
			path = FintechTests;
			sourceTree = "<group>";
		};
		00E356F01AD99517003FC87E /* Supporting Files */ = {
			isa = PBXGroup;
			children = (
				00E356F11AD99517003FC87E /* Info.plist */,
			);
			name = "Supporting Files";
			sourceTree = "<group>";
		};
		13B07FAE1A68108700A75B9A /* Fintech */ = {
			isa = PBXGroup;
			children = (
				13B07FAF1A68108700A75B9A /* AppDelegate.h */,
				13B07FB01A68108700A75B9A /* AppDelegate.mm */,
				13B07FB51A68108700A75B9A /* Images.xcassets */,
				13B07FB61A68108700A75B9A /* Info.plist */,
				81AB9BB72411601600AC10FF /* LaunchScreen.storyboard */,
				13B07FB71A68108700A75B9A /* main.m */,
			);
			name = Fintech;
			sourceTree = "<group>";
		};
		2D16E6871FA4F8E400B85C8A /* Frameworks */ = {
			isa = PBXGroup;
			children = (
				ED297162215061F000B7C4FE /* JavaScriptCore.framework */,
				5DCACB8F33CDC322A6C60F78 /* libPods-Fintech.a */,
				19F6CBCC0A4E27FBF8BF4A61 /* libPods-Fintech-FintechTests.a */,
			);
			name = Frameworks;
			sourceTree = "<group>";
		};
		832341AE1AAA6A7D00B99B32 /* Libraries */ = {
			isa = PBXGroup;
			children = (
			);
			name = Libraries;
			sourceTree = "<group>";
		};
		83CBB9F61A601CBA00E9B192 = {
			isa = PBXGroup;
			children = (
				13B07FAE1A68108700A75B9A /* Fintech */,
				832341AE1AAA6A7D00B99B32 /* Libraries */,
				00E356EF1AD99517003FC87E /* FintechTests */,
				83CBBA001A601CBA00E9B192 /* Products */,
				2D16E6871FA4F8E400B85C8A /* Frameworks */,
				BBD78D7AC51CEA395F1C20DB /* Pods */,
				DECC077AD1AD43E893C579EC /* Resources */,
			);
			indentWidth = 2;
			sourceTree = "<group>";
			tabWidth = 2;
			usesTabs = 0;
		};
		83CBBA001A601CBA00E9B192 /* Products */ = {
			isa = PBXGroup;
			children = (
				13B07F961A680F5B00A75B9A /* Fintech.app */,
				00E356EE1AD99517003FC87E /* FintechTests.xctest */,
			);
			name = Products;
			sourceTree = "<group>";
		};
		BBD78D7AC51CEA395F1C20DB /* Pods */ = {
			isa = PBXGroup;
			children = (
				3B4392A12AC88292D35C810B /* Pods-Fintech.debug.xcconfig */,
				5709B34CF0A7D63546082F79 /* Pods-Fintech.release.xcconfig */,
				5B7EB9410499542E8C5724F5 /* Pods-Fintech-FintechTests.debug.xcconfig */,
				89C6BE57DB24E9ADA2F236DE /* Pods-Fintech-FintechTests.release.xcconfig */,
			);
			path = Pods;
			sourceTree = "<group>";
		};
		DECC077AD1AD43E893C579EC /* Resources */ = {
			isa = "PBXGroup";
			children = (
				E1484578902D492E9211A00F /* Montserrat-Black.otf */,
				2547EED1661745D5A4D1DE81 /* Montserrat-BlackItalic.otf */,
				E73F97F96EB44C97A7799CC1 /* Montserrat-Bold.otf */,
				B91BE9E599FC430CB80645F8 /* Montserrat-BoldItalic.otf */,
				5581A8A8EF4D43DAB595E378 /* Montserrat-ExtraBold.otf */,
				4128BB9459564A5EA12B16EA /* Montserrat-ExtraBoldItalic.otf */,
				E59CE22EDCE14B10A0F9CB3E /* Montserrat-ExtraLight.otf */,
				2A62F8909E1A45608350D868 /* Montserrat-ExtraLightItalic.otf */,
				2998C4AB03184BA295CDF887 /* Montserrat-Italic.otf */,
				63AE1852EE954C1E91FBE3FF /* Montserrat-Light.otf */,
				01904C2C30424A35BDD25A2A /* Montserrat-LightItalic.otf */,
				3FBBA7E42BFF487EBF6DB074 /* Montserrat-Medium.otf */,
				D1F446442882426E8644C769 /* Montserrat-MediumItalic.otf */,
				EBB8DDF7557A4B5E9313F0B6 /* Montserrat-Regular.otf */,
				68909D1098B547D38845A3C1 /* Montserrat-SemiBold.otf */,
				FC38E2B2ED8D4B8D85B0B276 /* Montserrat-SemiBoldItalic.otf */,
				1681E5B0D20B4FE0A3AB2C3C /* Montserrat-Thin.otf */,
				7B3765861F71450D98337DDB /* Montserrat-ThinItalic.otf */,
				68FA353355434EC8943B62C8 /* MontserratAlternates-Black.otf */,
				ED66A36BA62A43FEA85E431D /* MontserratAlternates-BlackItalic.otf */,
				D286350BF3C541839DDC0132 /* MontserratAlternates-Bold.otf */,
				8290E27E91DA406EB6A70450 /* MontserratAlternates-BoldItalic.otf */,
				0FFB435DB7904C3EA466E81E /* MontserratAlternates-ExtraBold.otf */,
				7AE358287E434E8CA7F7B851 /* MontserratAlternates-ExtraBoldItalic.otf */,
				8D26F87202A140F39E35428F /* MontserratAlternates-ExtraLight.otf */,
				2BC45ED9668A446C96ABB8DD /* MontserratAlternates-ExtraLightItalic.otf */,
				7A5583F3E0B047D19937EC1A /* MontserratAlternates-Italic.otf */,
				B95188617EE34AF2AE36B826 /* MontserratAlternates-Light.otf */,
				6E918A52241548D48054BEDC /* MontserratAlternates-LightItalic.otf */,
				B1003F88204C4F659AF61807 /* MontserratAlternates-Medium.otf */,
				EC414385EFDF431A8582D626 /* MontserratAlternates-MediumItalic.otf */,
				7C3E839EA5274318BB006153 /* MontserratAlternates-Regular.otf */,
				A228D9CCFDDF42D79EED91D9 /* MontserratAlternates-SemiBold.otf */,
				ED5F5ADBBD2B4936AD611FD5 /* MontserratAlternates-SemiBoldItalic.otf */,
				9FDD0ED952BF45D3AB4C1BDC /* MontserratAlternates-Thin.otf */,
				CB5152336B1A42D6B82008C2 /* MontserratAlternates-ThinItalic.otf */,
			);
			name = Resources;
			sourceTree = "<group>";
			path = "";
		};
/* End PBXGroup section */

/* Begin PBXNativeTarget section */
		00E356ED1AD99517003FC87E /* FintechTests */ = {
			isa = PBXNativeTarget;
			buildConfigurationList = 00E357021AD99517003FC87E /* Build configuration list for PBXNativeTarget "FintechTests" */;
			buildPhases = (
				A55EABD7B0C7F3A422A6CC61 /* [CP] Check Pods Manifest.lock */,
				00E356EA1AD99517003FC87E /* Sources */,
				00E356EB1AD99517003FC87E /* Frameworks */,
				00E356EC1AD99517003FC87E /* Resources */,
				C59DA0FBD6956966B86A3779 /* [CP] Embed Pods Frameworks */,
				F6A41C54EA430FDDC6A6ED99 /* [CP] Copy Pods Resources */,
			);
			buildRules = (
			);
			dependencies = (
				00E356F51AD99517003FC87E /* PBXTargetDependency */,
			);
			name = FintechTests;
			productName = FintechTests;
			productReference = 00E356EE1AD99517003FC87E /* FintechTests.xctest */;
			productType = "com.apple.product-type.bundle.unit-test";
		};
		13B07F861A680F5B00A75B9A /* Fintech */ = {
			isa = PBXNativeTarget;
			buildConfigurationList = 13B07F931A680F5B00A75B9A /* Build configuration list for PBXNativeTarget "Fintech" */;
			buildPhases = (
				C38B50BA6285516D6DCD4F65 /* [CP] Check Pods Manifest.lock */,
				FD10A7F022414F080027D42C /* Start Packager */,
				13B07F871A680F5B00A75B9A /* Sources */,
				13B07F8C1A680F5B00A75B9A /* Frameworks */,
				13B07F8E1A680F5B00A75B9A /* Resources */,
				00DD1BFF1BD5951E006B06BC /* Bundle React Native code and images */,
				00EEFC60759A1932668264C0 /* [CP] Embed Pods Frameworks */,
				E235C05ADACE081382539298 /* [CP] Copy Pods Resources */,
			);
			buildRules = (
			);
			dependencies = (
			);
			name = Fintech;
			productName = Fintech;
			productReference = 13B07F961A680F5B00A75B9A /* Fintech.app */;
			productType = "com.apple.product-type.application";
		};
/* End PBXNativeTarget section */

/* Begin PBXProject section */
		83CBB9F71A601CBA00E9B192 /* Project object */ = {
			isa = PBXProject;
			attributes = {
				LastUpgradeCheck = 1210;
				TargetAttributes = {
					00E356ED1AD99517003FC87E = {
						CreatedOnToolsVersion = 6.2;
						TestTargetID = 13B07F861A680F5B00A75B9A;
					};
					13B07F861A680F5B00A75B9A = {
						LastSwiftMigration = 1120;
					};
				};
			};
			buildConfigurationList = 83CBB9FA1A601CBA00E9B192 /* Build configuration list for PBXProject "Fintech" */;
			compatibilityVersion = "Xcode 12.0";
			developmentRegion = en;
			hasScannedForEncodings = 0;
			knownRegions = (
				en,
				Base,
			);
			mainGroup = 83CBB9F61A601CBA00E9B192;
			productRefGroup = 83CBBA001A601CBA00E9B192 /* Products */;
			projectDirPath = "";
			projectRoot = "";
			targets = (
				13B07F861A680F5B00A75B9A /* Fintech */,
				00E356ED1AD99517003FC87E /* FintechTests */,
			);
		};
/* End PBXProject section */

/* Begin PBXResourcesBuildPhase section */
		00E356EC1AD99517003FC87E /* Resources */ = {
			isa = PBXResourcesBuildPhase;
			buildActionMask = 2147483647;
			files = (
			);
			runOnlyForDeploymentPostprocessing = 0;
		};
		13B07F8E1A680F5B00A75B9A /* Resources */ = {
			isa = PBXResourcesBuildPhase;
			buildActionMask = 2147483647;
			files = (
				81AB9BB82411601600AC10FF /* LaunchScreen.storyboard in Resources */,
				13B07FBF1A68108700A75B9A /* Images.xcassets in Resources */,
				3041CE9FA6784A9D8D4AE0CF /* Montserrat-Black.otf in Resources */,
				0F083BB19C5A44D685AD8248 /* Montserrat-BlackItalic.otf in Resources */,
				791CAE5D72FD49A59691775A /* Montserrat-Bold.otf in Resources */,
				A4CA789945F74746A63BD839 /* Montserrat-BoldItalic.otf in Resources */,
				0DCF67CA65EA49C89ADBCCC6 /* Montserrat-ExtraBold.otf in Resources */,
				F9FE5181BC744EEE92BAD057 /* Montserrat-ExtraBoldItalic.otf in Resources */,
				19C4BFEC0E324FF38C0A85AA /* Montserrat-ExtraLight.otf in Resources */,
				820D69737E7B4D8C94A2A5A9 /* Montserrat-ExtraLightItalic.otf in Resources */,
				F90B36773B784A1D9D848F8B /* Montserrat-Italic.otf in Resources */,
				5994A5626D864CC0982DE56C /* Montserrat-Light.otf in Resources */,
				76D1AD88165B4DC8AAA2F896 /* Montserrat-LightItalic.otf in Resources */,
				693A3D6164FF4BE99215096A /* Montserrat-Medium.otf in Resources */,
				89B5406C735C407B9D5DA36B /* Montserrat-MediumItalic.otf in Resources */,
				F43E889B1FBD46CCB1E8ABA1 /* Montserrat-Regular.otf in Resources */,
				DD4FF9FFEF5D4753A24182FA /* Montserrat-SemiBold.otf in Resources */,
				1E3F1FE0C101418D943537D1 /* Montserrat-SemiBoldItalic.otf in Resources */,
				2C40653AEB3D4FD0AA0D71E5 /* Montserrat-Thin.otf in Resources */,
				8F6EF99626A94440A2B264E0 /* Montserrat-ThinItalic.otf in Resources */,
				D1BEC14CBB3547D7B002CBF5 /* MontserratAlternates-Black.otf in Resources */,
				08C5371D1576497AA10D6A00 /* MontserratAlternates-BlackItalic.otf in Resources */,
				559D47E8407E4D3DB0DEC37E /* MontserratAlternates-Bold.otf in Resources */,
				CD35D3D8092F48CDA42F3D92 /* MontserratAlternates-BoldItalic.otf in Resources */,
				40811BDA91D343318955F89D /* MontserratAlternates-ExtraBold.otf in Resources */,
				1B0AB4E996B04C5E8744E54A /* MontserratAlternates-ExtraBoldItalic.otf in Resources */,
				CAF28D9F6E614128AEEE138F /* MontserratAlternates-ExtraLight.otf in Resources */,
				60AF5C3E1E2249F389B9AF7D /* MontserratAlternates-ExtraLightItalic.otf in Resources */,
				37A20EA5BC97486D93AA416C /* MontserratAlternates-Italic.otf in Resources */,
				82341A72DBB5454982D1CCBF /* MontserratAlternates-Light.otf in Resources */,
				DA9EE23B848245439795BD33 /* MontserratAlternates-LightItalic.otf in Resources */,
				8178D539874F44CCAB5CD51A /* MontserratAlternates-Medium.otf in Resources */,
				8044D7D595E7439AB100F0BC /* MontserratAlternates-MediumItalic.otf in Resources */,
				DF975E3002C54CDDA7FA2760 /* MontserratAlternates-Regular.otf in Resources */,
				406A1AAC21CC49D4AC2F127A /* MontserratAlternates-SemiBold.otf in Resources */,
				AB7DC8376B9B4E15B33DE8B4 /* MontserratAlternates-SemiBoldItalic.otf in Resources */,
				E458754AA3814BA69BB383FC /* MontserratAlternates-Thin.otf in Resources */,
				3C9E9F5C8BEB4D05B720C3E5 /* MontserratAlternates-ThinItalic.otf in Resources */,
			);
			runOnlyForDeploymentPostprocessing = 0;
		};
/* End PBXResourcesBuildPhase section */

/* Begin PBXShellScriptBuildPhase section */
		00DD1BFF1BD5951E006B06BC /* Bundle React Native code and images */ = {
			isa = PBXShellScriptBuildPhase;
			buildActionMask = 2147483647;
			files = (
			);
			inputPaths = (
			);
			name = "Bundle React Native code and images";
			outputPaths = (
			);
			runOnlyForDeploymentPostprocessing = 0;
			shellPath = /bin/sh;
			shellScript = "set -e\n\nexport NODE_BINARY=node\n../node_modules/react-native/scripts/react-native-xcode.sh\n";
		};
		00EEFC60759A1932668264C0 /* [CP] Embed Pods Frameworks */ = {
			isa = PBXShellScriptBuildPhase;
			buildActionMask = 2147483647;
			files = (
			);
			inputFileListPaths = (
				"${PODS_ROOT}/Target Support Files/Pods-Fintech/Pods-Fintech-frameworks-${CONFIGURATION}-input-files.xcfilelist",
			);
			name = "[CP] Embed Pods Frameworks";
			outputFileListPaths = (
				"${PODS_ROOT}/Target Support Files/Pods-Fintech/Pods-Fintech-frameworks-${CONFIGURATION}-output-files.xcfilelist",
			);
			runOnlyForDeploymentPostprocessing = 0;
			shellPath = /bin/sh;
			shellScript = "\"${PODS_ROOT}/Target Support Files/Pods-Fintech/Pods-Fintech-frameworks.sh\"\n";
			showEnvVarsInLog = 0;
		};
		A55EABD7B0C7F3A422A6CC61 /* [CP] Check Pods Manifest.lock */ = {
			isa = PBXShellScriptBuildPhase;
			buildActionMask = 2147483647;
			files = (
			);
			inputFileListPaths = (
			);
			inputPaths = (
				"${PODS_PODFILE_DIR_PATH}/Podfile.lock",
				"${PODS_ROOT}/Manifest.lock",
			);
			name = "[CP] Check Pods Manifest.lock";
			outputFileListPaths = (
			);
			outputPaths = (
				"$(DERIVED_FILE_DIR)/Pods-Fintech-FintechTests-checkManifestLockResult.txt",
			);
			runOnlyForDeploymentPostprocessing = 0;
			shellPath = /bin/sh;
			shellScript = "diff \"${PODS_PODFILE_DIR_PATH}/Podfile.lock\" \"${PODS_ROOT}/Manifest.lock\" > /dev/null\nif [ $? != 0 ] ; then\n    # print error to STDERR\n    echo \"error: The sandbox is not in sync with the Podfile.lock. Run 'pod install' or update your CocoaPods installation.\" >&2\n    exit 1\nfi\n# This output is used by Xcode 'outputs' to avoid re-running this script phase.\necho \"SUCCESS\" > \"${SCRIPT_OUTPUT_FILE_0}\"\n";
			showEnvVarsInLog = 0;
		};
		C38B50BA6285516D6DCD4F65 /* [CP] Check Pods Manifest.lock */ = {
			isa = PBXShellScriptBuildPhase;
			buildActionMask = 2147483647;
			files = (
			);
			inputFileListPaths = (
			);
			inputPaths = (
				"${PODS_PODFILE_DIR_PATH}/Podfile.lock",
				"${PODS_ROOT}/Manifest.lock",
			);
			name = "[CP] Check Pods Manifest.lock";
			outputFileListPaths = (
			);
			outputPaths = (
				"$(DERIVED_FILE_DIR)/Pods-Fintech-checkManifestLockResult.txt",
			);
			runOnlyForDeploymentPostprocessing = 0;
			shellPath = /bin/sh;
			shellScript = "diff \"${PODS_PODFILE_DIR_PATH}/Podfile.lock\" \"${PODS_ROOT}/Manifest.lock\" > /dev/null\nif [ $? != 0 ] ; then\n    # print error to STDERR\n    echo \"error: The sandbox is not in sync with the Podfile.lock. Run 'pod install' or update your CocoaPods installation.\" >&2\n    exit 1\nfi\n# This output is used by Xcode 'outputs' to avoid re-running this script phase.\necho \"SUCCESS\" > \"${SCRIPT_OUTPUT_FILE_0}\"\n";
			showEnvVarsInLog = 0;
		};
		C59DA0FBD6956966B86A3779 /* [CP] Embed Pods Frameworks */ = {
			isa = PBXShellScriptBuildPhase;
			buildActionMask = 2147483647;
			files = (
			);
			inputFileListPaths = (
				"${PODS_ROOT}/Target Support Files/Pods-Fintech-FintechTests/Pods-Fintech-FintechTests-frameworks-${CONFIGURATION}-input-files.xcfilelist",
			);
			name = "[CP] Embed Pods Frameworks";
			outputFileListPaths = (
				"${PODS_ROOT}/Target Support Files/Pods-Fintech-FintechTests/Pods-Fintech-FintechTests-frameworks-${CONFIGURATION}-output-files.xcfilelist",
			);
			runOnlyForDeploymentPostprocessing = 0;
			shellPath = /bin/sh;
			shellScript = "\"${PODS_ROOT}/Target Support Files/Pods-Fintech-FintechTests/Pods-Fintech-FintechTests-frameworks.sh\"\n";
			showEnvVarsInLog = 0;
		};
		E235C05ADACE081382539298 /* [CP] Copy Pods Resources */ = {
			isa = PBXShellScriptBuildPhase;
			buildActionMask = 2147483647;
			files = (
			);
			inputFileListPaths = (
				"${PODS_ROOT}/Target Support Files/Pods-Fintech/Pods-Fintech-resources-${CONFIGURATION}-input-files.xcfilelist",
			);
			name = "[CP] Copy Pods Resources";
			outputFileListPaths = (
				"${PODS_ROOT}/Target Support Files/Pods-Fintech/Pods-Fintech-resources-${CONFIGURATION}-output-files.xcfilelist",
			);
			runOnlyForDeploymentPostprocessing = 0;
			shellPath = /bin/sh;
			shellScript = "\"${PODS_ROOT}/Target Support Files/Pods-Fintech/Pods-Fintech-resources.sh\"\n";
			showEnvVarsInLog = 0;
		};
		F6A41C54EA430FDDC6A6ED99 /* [CP] Copy Pods Resources */ = {
			isa = PBXShellScriptBuildPhase;
			buildActionMask = 2147483647;
			files = (
			);
			inputFileListPaths = (
				"${PODS_ROOT}/Target Support Files/Pods-Fintech-FintechTests/Pods-Fintech-FintechTests-resources-${CONFIGURATION}-input-files.xcfilelist",
			);
			name = "[CP] Copy Pods Resources";
			outputFileListPaths = (
				"${PODS_ROOT}/Target Support Files/Pods-Fintech-FintechTests/Pods-Fintech-FintechTests-resources-${CONFIGURATION}-output-files.xcfilelist",
			);
			runOnlyForDeploymentPostprocessing = 0;
			shellPath = /bin/sh;
			shellScript = "\"${PODS_ROOT}/Target Support Files/Pods-Fintech-FintechTests/Pods-Fintech-FintechTests-resources.sh\"\n";
			showEnvVarsInLog = 0;
		};
		FD10A7F022414F080027D42C /* Start Packager */ = {
			isa = PBXShellScriptBuildPhase;
			buildActionMask = 2147483647;
			files = (
			);
			inputFileListPaths = (
			);
			inputPaths = (
			);
			name = "Start Packager";
			outputFileListPaths = (
			);
			outputPaths = (
			);
			runOnlyForDeploymentPostprocessing = 0;
			shellPath = /bin/sh;
			shellScript = "export RCT_METRO_PORT=\"${RCT_METRO_PORT:=8081}\"\necho \"export RCT_METRO_PORT=${RCT_METRO_PORT}\" > \"${SRCROOT}/../node_modules/react-native/scripts/.packager.env\"\nif [ -z \"${RCT_NO_LAUNCH_PACKAGER+xxx}\" ] ; then\n  if nc -w 5 -z localhost ${RCT_METRO_PORT} ; then\n    if ! curl -s \"http://localhost:${RCT_METRO_PORT}/status\" | grep -q \"packager-status:running\" ; then\n      echo \"Port ${RCT_METRO_PORT} already in use, packager is either not running or not running correctly\"\n      exit 2\n    fi\n  else\n    open \"$SRCROOT/../node_modules/react-native/scripts/launchPackager.command\" || echo \"Can't start packager automatically\"\n  fi\nfi\n";
			showEnvVarsInLog = 0;
		};
/* End PBXShellScriptBuildPhase section */

/* Begin PBXSourcesBuildPhase section */
		00E356EA1AD99517003FC87E /* Sources */ = {
			isa = PBXSourcesBuildPhase;
			buildActionMask = 2147483647;
			files = (
				00E356F31AD99517003FC87E /* FintechTests.m in Sources */,
			);
			runOnlyForDeploymentPostprocessing = 0;
		};
		13B07F871A680F5B00A75B9A /* Sources */ = {
			isa = PBXSourcesBuildPhase;
			buildActionMask = 2147483647;
			files = (
				13B07FBC1A68108700A75B9A /* AppDelegate.mm in Sources */,
				13B07FC11A68108700A75B9A /* main.m in Sources */,
			);
			runOnlyForDeploymentPostprocessing = 0;
		};
/* End PBXSourcesBuildPhase section */

/* Begin PBXTargetDependency section */
		00E356F51AD99517003FC87E /* PBXTargetDependency */ = {
			isa = PBXTargetDependency;
			target = 13B07F861A680F5B00A75B9A /* Fintech */;
			targetProxy = 00E356F41AD99517003FC87E /* PBXContainerItemProxy */;
		};
/* End PBXTargetDependency section */

/* Begin XCBuildConfiguration section */
		00E356F61AD99517003FC87E /* Debug */ = {
			isa = XCBuildConfiguration;
			baseConfigurationReference = 5B7EB9410499542E8C5724F5 /* Pods-Fintech-FintechTests.debug.xcconfig */;
			buildSettings = {
				BUNDLE_LOADER = "$(TEST_HOST)";
				GCC_PREPROCESSOR_DEFINITIONS = (
					"DEBUG=1",
					"$(inherited)",
				);
				INFOPLIST_FILE = FintechTests/Info.plist;
				IPHONEOS_DEPLOYMENT_TARGET = 11.0;
				LD_RUNPATH_SEARCH_PATHS = (
					"$(inherited)",
					"@executable_path/Frameworks",
					"@loader_path/Frameworks",
				);
				OTHER_LDFLAGS = (
					"-ObjC",
					"-lc++",
					"$(inherited)",
				);
				PRODUCT_BUNDLE_IDENTIFIER = "org.reactjs.native.example.$(PRODUCT_NAME:rfc1034identifier)";
				PRODUCT_NAME = "$(TARGET_NAME)";
				TEST_HOST = "$(BUILT_PRODUCTS_DIR)/Fintech.app/Fintech";
			};
			name = Debug;
		};
		00E356F71AD99517003FC87E /* Release */ = {
			isa = XCBuildConfiguration;
			baseConfigurationReference = 89C6BE57DB24E9ADA2F236DE /* Pods-Fintech-FintechTests.release.xcconfig */;
			buildSettings = {
				BUNDLE_LOADER = "$(TEST_HOST)";
				COPY_PHASE_STRIP = NO;
				INFOPLIST_FILE = FintechTests/Info.plist;
				IPHONEOS_DEPLOYMENT_TARGET = 11.0;
				LD_RUNPATH_SEARCH_PATHS = (
					"$(inherited)",
					"@executable_path/Frameworks",
					"@loader_path/Frameworks",
				);
				OTHER_LDFLAGS = (
					"-ObjC",
					"-lc++",
					"$(inherited)",
				);
				PRODUCT_BUNDLE_IDENTIFIER = "org.reactjs.native.example.$(PRODUCT_NAME:rfc1034identifier)";
				PRODUCT_NAME = "$(TARGET_NAME)";
				TEST_HOST = "$(BUILT_PRODUCTS_DIR)/Fintech.app/Fintech";
			};
			name = Release;
		};
		13B07F941A680F5B00A75B9A /* Debug */ = {
			isa = XCBuildConfiguration;
			baseConfigurationReference = 3B4392A12AC88292D35C810B /* Pods-Fintech.debug.xcconfig */;
			buildSettings = {
				ASSETCATALOG_COMPILER_APPICON_NAME = AppIcon;
				CLANG_ENABLE_MODULES = YES;
				CURRENT_PROJECT_VERSION = 1;
				ENABLE_BITCODE = NO;
				INFOPLIST_FILE = Fintech/Info.plist;
				LD_RUNPATH_SEARCH_PATHS = (
					"$(inherited)",
					"@executable_path/Frameworks",
				);
				OTHER_LDFLAGS = (
					"$(inherited)",
					"-ObjC",
					"-lc++",
				);
				PRODUCT_BUNDLE_IDENTIFIER = "org.reactjs.native.example.$(PRODUCT_NAME:rfc1034identifier)";
				PRODUCT_NAME = Fintech;
				SWIFT_OPTIMIZATION_LEVEL = "-Onone";
				SWIFT_VERSION = 5.0;
				VERSIONING_SYSTEM = "apple-generic";
			};
			name = Debug;
		};
		13B07F951A680F5B00A75B9A /* Release */ = {
			isa = XCBuildConfiguration;
			baseConfigurationReference = 5709B34CF0A7D63546082F79 /* Pods-Fintech.release.xcconfig */;
			buildSettings = {
				ASSETCATALOG_COMPILER_APPICON_NAME = AppIcon;
				CLANG_ENABLE_MODULES = YES;
				CURRENT_PROJECT_VERSION = 1;
				INFOPLIST_FILE = Fintech/Info.plist;
				LD_RUNPATH_SEARCH_PATHS = (
					"$(inherited)",
					"@executable_path/Frameworks",
				);
				OTHER_LDFLAGS = (
					"$(inherited)",
					"-ObjC",
					"-lc++",
				);
				PRODUCT_BUNDLE_IDENTIFIER = "org.reactjs.native.example.$(PRODUCT_NAME:rfc1034identifier)";
				PRODUCT_NAME = Fintech;
				SWIFT_VERSION = 5.0;
				VERSIONING_SYSTEM = "apple-generic";
			};
			name = Release;
		};
		83CBBA201A601CBA00E9B192 /* Debug */ = {
			isa = XCBuildConfiguration;
			buildSettings = {
				ALWAYS_SEARCH_USER_PATHS = NO;
				CLANG_ANALYZER_LOCALIZABILITY_NONLOCALIZED = YES;
				CLANG_CXX_LANGUAGE_STANDARD = "c++17";
				CLANG_CXX_LIBRARY = "libc++";
				CLANG_ENABLE_MODULES = YES;
				CLANG_ENABLE_OBJC_ARC = YES;
				CLANG_WARN_BLOCK_CAPTURE_AUTORELEASING = YES;
				CLANG_WARN_BOOL_CONVERSION = YES;
				CLANG_WARN_COMMA = YES;
				CLANG_WARN_CONSTANT_CONVERSION = YES;
				CLANG_WARN_DEPRECATED_OBJC_IMPLEMENTATIONS = YES;
				CLANG_WARN_DIRECT_OBJC_ISA_USAGE = YES_ERROR;
				CLANG_WARN_EMPTY_BODY = YES;
				CLANG_WARN_ENUM_CONVERSION = YES;
				CLANG_WARN_INFINITE_RECURSION = YES;
				CLANG_WARN_INT_CONVERSION = YES;
				CLANG_WARN_NON_LITERAL_NULL_CONVERSION = YES;
				CLANG_WARN_OBJC_IMPLICIT_RETAIN_SELF = YES;
				CLANG_WARN_OBJC_LITERAL_CONVERSION = YES;
				CLANG_WARN_OBJC_ROOT_CLASS = YES_ERROR;
				CLANG_WARN_QUOTED_INCLUDE_IN_FRAMEWORK_HEADER = YES;
				CLANG_WARN_RANGE_LOOP_ANALYSIS = YES;
				CLANG_WARN_STRICT_PROTOTYPES = YES;
				CLANG_WARN_SUSPICIOUS_MOVE = YES;
				CLANG_WARN_UNREACHABLE_CODE = YES;
				CLANG_WARN__DUPLICATE_METHOD_MATCH = YES;
				"CODE_SIGN_IDENTITY[sdk=iphoneos*]" = "iPhone Developer";
				COPY_PHASE_STRIP = NO;
				ENABLE_STRICT_OBJC_MSGSEND = YES;
				ENABLE_TESTABILITY = YES;
				"EXCLUDED_ARCHS[sdk=iphonesimulator*]" = "";
				GCC_C_LANGUAGE_STANDARD = gnu99;
				GCC_DYNAMIC_NO_PIC = NO;
				GCC_NO_COMMON_BLOCKS = YES;
				GCC_OPTIMIZATION_LEVEL = 0;
				GCC_PREPROCESSOR_DEFINITIONS = (
					"DEBUG=1",
					"$(inherited)",
				);
				GCC_SYMBOLS_PRIVATE_EXTERN = NO;
				GCC_WARN_64_TO_32_BIT_CONVERSION = YES;
				GCC_WARN_ABOUT_RETURN_TYPE = YES_ERROR;
				GCC_WARN_UNDECLARED_SELECTOR = YES;
				GCC_WARN_UNINITIALIZED_AUTOS = YES_AGGRESSIVE;
				GCC_WARN_UNUSED_FUNCTION = YES;
				GCC_WARN_UNUSED_VARIABLE = YES;
				IPHONEOS_DEPLOYMENT_TARGET = 11.0;
				LD_RUNPATH_SEARCH_PATHS = (
					/usr/lib/swift,
					"$(inherited)",
				);
				LIBRARY_SEARCH_PATHS = (
					"\"$(SDKROOT)/usr/lib/swift\"",
					"\"$(TOOLCHAIN_DIR)/usr/lib/swift/$(PLATFORM_NAME)\"",
					"\"$(inherited)\"",
				);
				MTL_ENABLE_DEBUG_INFO = YES;
				ONLY_ACTIVE_ARCH = YES;
				OTHER_CPLUSPLUSFLAGS = (
					"$(OTHER_CFLAGS)",
					"-DFOLLY_NO_CONFIG",
					"-DFOLLY_MOBILE=1",
					"-DFOLLY_USE_LIBCPP=1",
				);
				SDKROOT = iphoneos;
			};
			name = Debug;
		};
		83CBBA211A601CBA00E9B192 /* Release */ = {
			isa = XCBuildConfiguration;
			buildSettings = {
				ALWAYS_SEARCH_USER_PATHS = NO;
				CLANG_ANALYZER_LOCALIZABILITY_NONLOCALIZED = YES;
				CLANG_CXX_LANGUAGE_STANDARD = "c++17";
				CLANG_CXX_LIBRARY = "libc++";
				CLANG_ENABLE_MODULES = YES;
				CLANG_ENABLE_OBJC_ARC = YES;
				CLANG_WARN_BLOCK_CAPTURE_AUTORELEASING = YES;
				CLANG_WARN_BOOL_CONVERSION = YES;
				CLANG_WARN_COMMA = YES;
				CLANG_WARN_CONSTANT_CONVERSION = YES;
				CLANG_WARN_DEPRECATED_OBJC_IMPLEMENTATIONS = YES;
				CLANG_WARN_DIRECT_OBJC_ISA_USAGE = YES_ERROR;
				CLANG_WARN_EMPTY_BODY = YES;
				CLANG_WARN_ENUM_CONVERSION = YES;
				CLANG_WARN_INFINITE_RECURSION = YES;
				CLANG_WARN_INT_CONVERSION = YES;
				CLANG_WARN_NON_LITERAL_NULL_CONVERSION = YES;
				CLANG_WARN_OBJC_IMPLICIT_RETAIN_SELF = YES;
				CLANG_WARN_OBJC_LITERAL_CONVERSION = YES;
				CLANG_WARN_OBJC_ROOT_CLASS = YES_ERROR;
				CLANG_WARN_QUOTED_INCLUDE_IN_FRAMEWORK_HEADER = YES;
				CLANG_WARN_RANGE_LOOP_ANALYSIS = YES;
				CLANG_WARN_STRICT_PROTOTYPES = YES;
				CLANG_WARN_SUSPICIOUS_MOVE = YES;
				CLANG_WARN_UNREACHABLE_CODE = YES;
				CLANG_WARN__DUPLICATE_METHOD_MATCH = YES;
				"CODE_SIGN_IDENTITY[sdk=iphoneos*]" = "iPhone Developer";
				COPY_PHASE_STRIP = YES;
				ENABLE_NS_ASSERTIONS = NO;
				ENABLE_STRICT_OBJC_MSGSEND = YES;
				"EXCLUDED_ARCHS[sdk=iphonesimulator*]" = "";
				GCC_C_LANGUAGE_STANDARD = gnu99;
				GCC_NO_COMMON_BLOCKS = YES;
				GCC_WARN_64_TO_32_BIT_CONVERSION = YES;
				GCC_WARN_ABOUT_RETURN_TYPE = YES_ERROR;
				GCC_WARN_UNDECLARED_SELECTOR = YES;
				GCC_WARN_UNINITIALIZED_AUTOS = YES_AGGRESSIVE;
				GCC_WARN_UNUSED_FUNCTION = YES;
				GCC_WARN_UNUSED_VARIABLE = YES;
				IPHONEOS_DEPLOYMENT_TARGET = 11.0;
				LD_RUNPATH_SEARCH_PATHS = (
					/usr/lib/swift,
					"$(inherited)",
				);
				LIBRARY_SEARCH_PATHS = (
					"\"$(SDKROOT)/usr/lib/swift\"",
					"\"$(TOOLCHAIN_DIR)/usr/lib/swift/$(PLATFORM_NAME)\"",
					"\"$(inherited)\"",
				);
				MTL_ENABLE_DEBUG_INFO = NO;
				OTHER_CPLUSPLUSFLAGS = (
					"$(OTHER_CFLAGS)",
					"-DFOLLY_NO_CONFIG",
					"-DFOLLY_MOBILE=1",
					"-DFOLLY_USE_LIBCPP=1",
				);
				SDKROOT = iphoneos;
				VALIDATE_PRODUCT = YES;
			};
			name = Release;
		};
/* End XCBuildConfiguration section */

/* Begin XCConfigurationList section */
		00E357021AD99517003FC87E /* Build configuration list for PBXNativeTarget "FintechTests" */ = {
			isa = XCConfigurationList;
			buildConfigurations = (
				00E356F61AD99517003FC87E /* Debug */,
				00E356F71AD99517003FC87E /* Release */,
			);
			defaultConfigurationIsVisible = 0;
			defaultConfigurationName = Release;
		};
		13B07F931A680F5B00A75B9A /* Build configuration list for PBXNativeTarget "Fintech" */ = {
			isa = XCConfigurationList;
			buildConfigurations = (
				13B07F941A680F5B00A75B9A /* Debug */,
				13B07F951A680F5B00A75B9A /* Release */,
			);
			defaultConfigurationIsVisible = 0;
			defaultConfigurationName = Release;
		};
		83CBB9FA1A601CBA00E9B192 /* Build configuration list for PBXProject "Fintech" */ = {
			isa = XCConfigurationList;
			buildConfigurations = (
				83CBBA201A601CBA00E9B192 /* Debug */,
				83CBBA211A601CBA00E9B192 /* Release */,
			);
			defaultConfigurationIsVisible = 0;
			defaultConfigurationName = Release;
		};
/* End XCConfigurationList section */
	};
	rootObject = 83CBB9F71A601CBA00E9B192 /* Project object */;
}
